
Microsoft Visual Studio Solution File, Format Version 12.00
# Visual Studio Version 16
VisualStudioVersion = 16.0.32602.291
MinimumVisualStudioVersion = 10.0.40219.1
Project("{00D1A9C2-B5F0-4AF3-8072-F6C62B433612}") = "CAPP_AppTurbot", "CAPP_AppTurbot\CAPP_AppTurbot.sqlproj", "{75ED9762-1992-4B8D-8F10-05A52D375E66}"
EndProject
Global
	GlobalSection(SolutionConfigurationPlatforms) = preSolution
		Debug|Any CPU = Debug|Any CPU
		Release|Any CPU = Release|Any CPU
	EndGlobalSection
	GlobalSection(ProjectConfigurationPlatforms) = postSolution
		{75ED9762-1992-4B8D-8F10-05A52D375E66}.Debug|Any CPU.ActiveCfg = Debug|Any CPU
		{75ED9762-1992-4B8D-8F10-05A52D375E66}.Debug|Any CPU.Build.0 = Debug|Any CPU
		{75ED9762-1992-4B8D-8F10-05A52D375E66}.Debug|Any CPU.Deploy.0 = Debug|Any CPU
		{75ED9762-1992-4B8D-8F10-05A52D375E66}.Release|Any CPU.ActiveCfg = Release|Any CPU
		{75ED9762-1992-4B8D-8F10-05A52D375E66}.Release|Any CPU.Build.0 = Release|Any CPU
		{75ED9762-1992-4B8D-8F10-05A52D375E66}.Release|Any CPU.Deploy.0 = Release|Any CPU
	EndGlobalSection
	GlobalSection(SolutionProperties) = preSolution
		HideSolutionNode = FALSE
	EndGlobalSection
	GlobalSection(ExtensibilityGlobals) = postSolution
		SolutionGuid = {6B28EC20-8125-4429-B7F3-10D6F83DE2D3}
	EndGlobalSection
EndGlobal
